// !$*UTF8*$!
{
	archiveVersion = 1;
	classes = {
	};
	objectVersion = 51;
	objects = {

/* Begin PBXBuildFile section */
		0B9383EE269433EF00075F7F /* AppDelegate.m in Sources */ = {isa = PBXBuildFile; fileRef = 0B9383ED269433EF00075F7F /* AppDelegate.m */; };
		0B9383F1269433EF00075F7F /* SceneDelegate.m in Sources */ = {isa = PBXBuildFile; fileRef = 0B9383F0269433EF00075F7F /* SceneDelegate.m */; };
		0B9383F7269433EF00075F7F /* Main.storyboard in Resources */ = {isa = PBXBuildFile; fileRef = 0B9383F5269433EF00075F7F /* Main.storyboard */; };
		0B9383F9269433F100075F7F /* Assets.xcassets in Resources */ = {isa = PBXBuildFile; fileRef = 0B9383F8269433F100075F7F /* Assets.xcassets */; };
		0B9383FC269433F100075F7F /* LaunchScreen.storyboard in Resources */ = {isa = PBXBuildFile; fileRef = 0B9383FA269433F100075F7F /* LaunchScreen.storyboard */; };
		0B9383FF269433F100075F7F /* main.m in Sources */ = {isa = PBXBuildFile; fileRef = 0B9383FE269433F100075F7F /* main.m */; };
		0B938409269433F100075F7F /* InstagramTests.m in Sources */ = {isa = PBXBuildFile; fileRef = 0B938408269433F100075F7F /* InstagramTests.m */; };
		0B938414269433F100075F7F /* InstagramUITests.m in Sources */ = {isa = PBXBuildFile; fileRef = 0B938413269433F100075F7F /* InstagramUITests.m */; };
		0BEF85802694F9BA006CF8CC /* LoginViewController.m in Sources */ = {isa = PBXBuildFile; fileRef = 0BEF857F2694F9BA006CF8CC /* LoginViewController.m */; };
		0BEF85832694FCAA006CF8CC /* HomeViewController.m in Sources */ = {isa = PBXBuildFile; fileRef = 0BEF85822694FCAA006CF8CC /* HomeViewController.m */; };
		0BEF858626950F79006CF8CC /* ComposeViewController.m in Sources */ = {isa = PBXBuildFile; fileRef = 0BEF858526950F79006CF8CC /* ComposeViewController.m */; };
		0BEF858926951B27006CF8CC /* Post.m in Sources */ = {isa = PBXBuildFile; fileRef = 0BEF858826951B27006CF8CC /* Post.m */; };
		0BEF858D26952720006CF8CC /* PostCell.m in Sources */ = {isa = PBXBuildFile; fileRef = 0BEF858C26952720006CF8CC /* PostCell.m */; };
		0BEF859126967484006CF8CC /* DetailsViewController.m in Sources */ = {isa = PBXBuildFile; fileRef = 0BEF859026967484006CF8CC /* DetailsViewController.m */; };
		0BEF85942697AEB8006CF8CC /* ProfileViewController.m in Sources */ = {isa = PBXBuildFile; fileRef = 0BEF85932697AEB8006CF8CC /* ProfileViewController.m */; };
		555AC4E896F1FD0D75F39C0B /* Pods_InstagramTests.framework in Frameworks */ = {isa = PBXBuildFile; fileRef = 2E1C8850A02C1EF755971103 /* Pods_InstagramTests.framework */; };
		8A881EB72710BE8DD9E91CBB /* Pods_Instagram.framework in Frameworks */ = {isa = PBXBuildFile; fileRef = B601325E8917D6D8E9B42008 /* Pods_Instagram.framework */; };
		F45737DF048067DEE4B08CFD /* Pods_Instagram_InstagramUITests.framework in Frameworks */ = {isa = PBXBuildFile; fileRef = 21E0A30C16634B6E5243F7F7 /* Pods_Instagram_InstagramUITests.framework */; };
/* End PBXBuildFile section */

/* Begin PBXContainerItemProxy section */
		0B938405269433F100075F7F /* PBXContainerItemProxy */ = {
			isa = PBXContainerItemProxy;
			containerPortal = 0B9383E1269433EF00075F7F /* Project object */;
			proxyType = 1;
			remoteGlobalIDString = 0B9383E8269433EF00075F7F;
			remoteInfo = Instagram;
		};
		0B938410269433F100075F7F /* PBXContainerItemProxy */ = {
			isa = PBXContainerItemProxy;
			containerPortal = 0B9383E1269433EF00075F7F /* Project object */;
			proxyType = 1;
			remoteGlobalIDString = 0B9383E8269433EF00075F7F;
			remoteInfo = Instagram;
		};
/* End PBXContainerItemProxy section */

/* Begin PBXFileReference section */
		0B9383E9269433EF00075F7F /* Instagram.app */ = {isa = PBXFileReference; explicitFileType = wrapper.application; includeInIndex = 0; path = Instagram.app; sourceTree = BUILT_PRODUCTS_DIR; };
		0B9383EC269433EF00075F7F /* AppDelegate.h */ = {isa = PBXFileReference; lastKnownFileType = sourcecode.c.h; path = AppDelegate.h; sourceTree = "<group>"; };
		0B9383ED269433EF00075F7F /* AppDelegate.m */ = {isa = PBXFileReference; lastKnownFileType = sourcecode.c.objc; path = AppDelegate.m; sourceTree = "<group>"; };
		0B9383EF269433EF00075F7F /* SceneDelegate.h */ = {isa = PBXFileReference; lastKnownFileType = sourcecode.c.h; path = SceneDelegate.h; sourceTree = "<group>"; };
		0B9383F0269433EF00075F7F /* SceneDelegate.m */ = {isa = PBXFileReference; lastKnownFileType = sourcecode.c.objc; path = SceneDelegate.m; sourceTree = "<group>"; };
		0B9383F6269433EF00075F7F /* Base */ = {isa = PBXFileReference; lastKnownFileType = file.storyboard; name = Base; path = Base.lproj/Main.storyboard; sourceTree = "<group>"; };
		0B9383F8269433F100075F7F /* Assets.xcassets */ = {isa = PBXFileReference; lastKnownFileType = folder.assetcatalog; path = Assets.xcassets; sourceTree = "<group>"; };
		0B9383FB269433F100075F7F /* Base */ = {isa = PBXFileReference; lastKnownFileType = file.storyboard; name = Base; path = Base.lproj/LaunchScreen.storyboard; sourceTree = "<group>"; };
		0B9383FD269433F100075F7F /* Info.plist */ = {isa = PBXFileReference; lastKnownFileType = text.plist.xml; path = Info.plist; sourceTree = "<group>"; };
		0B9383FE269433F100075F7F /* main.m */ = {isa = PBXFileReference; lastKnownFileType = sourcecode.c.objc; path = main.m; sourceTree = "<group>"; };
		0B938404269433F100075F7F /* InstagramTests.xctest */ = {isa = PBXFileReference; explicitFileType = wrapper.cfbundle; includeInIndex = 0; path = InstagramTests.xctest; sourceTree = BUILT_PRODUCTS_DIR; };
		0B938408269433F100075F7F /* InstagramTests.m */ = {isa = PBXFileReference; lastKnownFileType = sourcecode.c.objc; path = InstagramTests.m; sourceTree = "<group>"; };
		0B93840A269433F100075F7F /* Info.plist */ = {isa = PBXFileReference; lastKnownFileType = text.plist.xml; path = Info.plist; sourceTree = "<group>"; };
		0B93840F269433F100075F7F /* InstagramUITests.xctest */ = {isa = PBXFileReference; explicitFileType = wrapper.cfbundle; includeInIndex = 0; path = InstagramUITests.xctest; sourceTree = BUILT_PRODUCTS_DIR; };
		0B938413269433F100075F7F /* InstagramUITests.m */ = {isa = PBXFileReference; lastKnownFileType = sourcecode.c.objc; path = InstagramUITests.m; sourceTree = "<group>"; };
		0B938415269433F100075F7F /* Info.plist */ = {isa = PBXFileReference; lastKnownFileType = text.plist.xml; path = Info.plist; sourceTree = "<group>"; };
		0BEF857E2694F9BA006CF8CC /* LoginViewController.h */ = {isa = PBXFileReference; lastKnownFileType = sourcecode.c.h; path = LoginViewController.h; sourceTree = "<group>"; };
		0BEF857F2694F9BA006CF8CC /* LoginViewController.m */ = {isa = PBXFileReference; lastKnownFileType = sourcecode.c.objc; path = LoginViewController.m; sourceTree = "<group>"; };
		0BEF85812694FCAA006CF8CC /* HomeViewController.h */ = {isa = PBXFileReference; lastKnownFileType = sourcecode.c.h; path = HomeViewController.h; sourceTree = "<group>"; };
		0BEF85822694FCAA006CF8CC /* HomeViewController.m */ = {isa = PBXFileReference; lastKnownFileType = sourcecode.c.objc; path = HomeViewController.m; sourceTree = "<group>"; };
		0BEF858426950F79006CF8CC /* ComposeViewController.h */ = {isa = PBXFileReference; lastKnownFileType = sourcecode.c.h; path = ComposeViewController.h; sourceTree = "<group>"; };
		0BEF858526950F79006CF8CC /* ComposeViewController.m */ = {isa = PBXFileReference; lastKnownFileType = sourcecode.c.objc; path = ComposeViewController.m; sourceTree = "<group>"; };
		0BEF858726951B27006CF8CC /* Post.h */ = {isa = PBXFileReference; lastKnownFileType = sourcecode.c.h; path = Post.h; sourceTree = "<group>"; };
		0BEF858826951B27006CF8CC /* Post.m */ = {isa = PBXFileReference; lastKnownFileType = sourcecode.c.objc; path = Post.m; sourceTree = "<group>"; };
		0BEF858B26952720006CF8CC /* PostCell.h */ = {isa = PBXFileReference; lastKnownFileType = sourcecode.c.h; path = PostCell.h; sourceTree = "<group>"; };
		0BEF858C26952720006CF8CC /* PostCell.m */ = {isa = PBXFileReference; lastKnownFileType = sourcecode.c.objc; path = PostCell.m; sourceTree = "<group>"; };
		0BEF858F26967484006CF8CC /* DetailsViewController.h */ = {isa = PBXFileReference; lastKnownFileType = sourcecode.c.h; path = DetailsViewController.h; sourceTree = "<group>"; };
		0BEF859026967484006CF8CC /* DetailsViewController.m */ = {isa = PBXFileReference; lastKnownFileType = sourcecode.c.objc; path = DetailsViewController.m; sourceTree = "<group>"; };
		0BEF85922697AEB8006CF8CC /* ProfileViewController.h */ = {isa = PBXFileReference; lastKnownFileType = sourcecode.c.h; path = ProfileViewController.h; sourceTree = "<group>"; };
		0BEF85932697AEB8006CF8CC /* ProfileViewController.m */ = {isa = PBXFileReference; lastKnownFileType = sourcecode.c.objc; path = ProfileViewController.m; sourceTree = "<group>"; };
		179CE060FC3BB120DF5A5D96 /* Pods-Instagram-InstagramUITests.debug.xcconfig */ = {isa = PBXFileReference; includeInIndex = 1; lastKnownFileType = text.xcconfig; name = "Pods-Instagram-InstagramUITests.debug.xcconfig"; path = "Target Support Files/Pods-Instagram-InstagramUITests/Pods-Instagram-InstagramUITests.debug.xcconfig"; sourceTree = "<group>"; };
		21E0A30C16634B6E5243F7F7 /* Pods_Instagram_InstagramUITests.framework */ = {isa = PBXFileReference; explicitFileType = wrapper.framework; includeInIndex = 0; path = Pods_Instagram_InstagramUITests.framework; sourceTree = BUILT_PRODUCTS_DIR; };
		2E1C8850A02C1EF755971103 /* Pods_InstagramTests.framework */ = {isa = PBXFileReference; explicitFileType = wrapper.framework; includeInIndex = 0; path = Pods_InstagramTests.framework; sourceTree = BUILT_PRODUCTS_DIR; };
		301CF01A99733B4B2CC72DA4 /* Pods-InstagramTests.release.xcconfig */ = {isa = PBXFileReference; includeInIndex = 1; lastKnownFileType = text.xcconfig; name = "Pods-InstagramTests.release.xcconfig"; path = "Target Support Files/Pods-InstagramTests/Pods-InstagramTests.release.xcconfig"; sourceTree = "<group>"; };
		4251D302ABF6C3A6F4125F55 /* Pods-Instagram-InstagramUITests.release.xcconfig */ = {isa = PBXFileReference; includeInIndex = 1; lastKnownFileType = text.xcconfig; name = "Pods-Instagram-InstagramUITests.release.xcconfig"; path = "Target Support Files/Pods-Instagram-InstagramUITests/Pods-Instagram-InstagramUITests.release.xcconfig"; sourceTree = "<group>"; };
		89D8E643C89F67B0CE19F142 /* Pods-InstagramTests.debug.xcconfig */ = {isa = PBXFileReference; includeInIndex = 1; lastKnownFileType = text.xcconfig; name = "Pods-InstagramTests.debug.xcconfig"; path = "Target Support Files/Pods-InstagramTests/Pods-InstagramTests.debug.xcconfig"; sourceTree = "<group>"; };
		B601325E8917D6D8E9B42008 /* Pods_Instagram.framework */ = {isa = PBXFileReference; explicitFileType = wrapper.framework; includeInIndex = 0; path = Pods_Instagram.framework; sourceTree = BUILT_PRODUCTS_DIR; };
		CF824D7298B345110CBBAD9A /* Pods-Instagram.debug.xcconfig */ = {isa = PBXFileReference; includeInIndex = 1; lastKnownFileType = text.xcconfig; name = "Pods-Instagram.debug.xcconfig"; path = "Target Support Files/Pods-Instagram/Pods-Instagram.debug.xcconfig"; sourceTree = "<group>"; };
		FD8269A0FA079BA1480E91E6 /* Pods-Instagram.release.xcconfig */ = {isa = PBXFileReference; includeInIndex = 1; lastKnownFileType = text.xcconfig; name = "Pods-Instagram.release.xcconfig"; path = "Target Support Files/Pods-Instagram/Pods-Instagram.release.xcconfig"; sourceTree = "<group>"; };
/* End PBXFileReference section */

/* Begin PBXFrameworksBuildPhase section */
		0B9383E6269433EF00075F7F /* Frameworks */ = {
			isa = PBXFrameworksBuildPhase;
			buildActionMask = 2147483647;
			files = (
				8A881EB72710BE8DD9E91CBB /* Pods_Instagram.framework in Frameworks */,
			);
			runOnlyForDeploymentPostprocessing = 0;
		};
		0B938401269433F100075F7F /* Frameworks */ = {
			isa = PBXFrameworksBuildPhase;
			buildActionMask = 2147483647;
			files = (
				555AC4E896F1FD0D75F39C0B /* Pods_InstagramTests.framework in Frameworks */,
			);
			runOnlyForDeploymentPostprocessing = 0;
		};
		0B93840C269433F100075F7F /* Frameworks */ = {
			isa = PBXFrameworksBuildPhase;
			buildActionMask = 2147483647;
			files = (
				F45737DF048067DEE4B08CFD /* Pods_Instagram_InstagramUITests.framework in Frameworks */,
			);
			runOnlyForDeploymentPostprocessing = 0;
		};
/* End PBXFrameworksBuildPhase section */

/* Begin PBXGroup section */
		0ADB2391BCB505576A8F951E /* Frameworks */ = {
			isa = PBXGroup;
			children = (
				B601325E8917D6D8E9B42008 /* Pods_Instagram.framework */,
				21E0A30C16634B6E5243F7F7 /* Pods_Instagram_InstagramUITests.framework */,
				2E1C8850A02C1EF755971103 /* Pods_InstagramTests.framework */,
			);
			name = Frameworks;
			sourceTree = "<group>";
		};
		0B9383E0269433EF00075F7F = {
			isa = PBXGroup;
			children = (
				0B9383EB269433EF00075F7F /* Instagram */,
				0B938407269433F100075F7F /* InstagramTests */,
				0B938412269433F100075F7F /* InstagramUITests */,
				0B9383EA269433EF00075F7F /* Products */,
				C521B0BF62744DF369E9AC16 /* Pods */,
				0ADB2391BCB505576A8F951E /* Frameworks */,
			);
			sourceTree = "<group>";
		};
		0B9383EA269433EF00075F7F /* Products */ = {
			isa = PBXGroup;
			children = (
				0B9383E9269433EF00075F7F /* Instagram.app */,
				0B938404269433F100075F7F /* InstagramTests.xctest */,
				0B93840F269433F100075F7F /* InstagramUITests.xctest */,
			);
			name = Products;
			sourceTree = "<group>";
		};
		0B9383EB269433EF00075F7F /* Instagram */ = {
			isa = PBXGroup;
			children = (
				0BEF858E26952725006CF8CC /* Views */,
				0BEF858A26951B2D006CF8CC /* Models */,
				0BEF857D2694F995006CF8CC /* ViewControllers */,
				0B9383EC269433EF00075F7F /* AppDelegate.h */,
				0B9383ED269433EF00075F7F /* AppDelegate.m */,
				0B9383EF269433EF00075F7F /* SceneDelegate.h */,
				0B9383F0269433EF00075F7F /* SceneDelegate.m */,
				0B9383F5269433EF00075F7F /* Main.storyboard */,
				0B9383F8269433F100075F7F /* Assets.xcassets */,
				0B9383FA269433F100075F7F /* LaunchScreen.storyboard */,
				0B9383FD269433F100075F7F /* Info.plist */,
				0B9383FE269433F100075F7F /* main.m */,
			);
			path = Instagram;
			sourceTree = "<group>";
		};
		0B938407269433F100075F7F /* InstagramTests */ = {
			isa = PBXGroup;
			children = (
				0B938408269433F100075F7F /* InstagramTests.m */,
				0B93840A269433F100075F7F /* Info.plist */,
			);
			path = InstagramTests;
			sourceTree = "<group>";
		};
		0B938412269433F100075F7F /* InstagramUITests */ = {
			isa = PBXGroup;
			children = (
				0B938413269433F100075F7F /* InstagramUITests.m */,
				0B938415269433F100075F7F /* Info.plist */,
			);
			path = InstagramUITests;
			sourceTree = "<group>";
		};
		0BEF857D2694F995006CF8CC /* ViewControllers */ = {
			isa = PBXGroup;
			children = (
				0BEF857E2694F9BA006CF8CC /* LoginViewController.h */,
				0BEF857F2694F9BA006CF8CC /* LoginViewController.m */,
				0BEF85812694FCAA006CF8CC /* HomeViewController.h */,
				0BEF85822694FCAA006CF8CC /* HomeViewController.m */,
				0BEF858426950F79006CF8CC /* ComposeViewController.h */,
				0BEF858526950F79006CF8CC /* ComposeViewController.m */,
				0BEF858F26967484006CF8CC /* DetailsViewController.h */,
				0BEF859026967484006CF8CC /* DetailsViewController.m */,
				0BEF85922697AEB8006CF8CC /* ProfileViewController.h */,
				0BEF85932697AEB8006CF8CC /* ProfileViewController.m */,
			);
			path = ViewControllers;
			sourceTree = "<group>";
		};
		0BEF858A26951B2D006CF8CC /* Models */ = {
			isa = PBXGroup;
			children = (
				0BEF858726951B27006CF8CC /* Post.h */,
				0BEF858826951B27006CF8CC /* Post.m */,
			);
			path = Models;
			sourceTree = "<group>";
		};
		0BEF858E26952725006CF8CC /* Views */ = {
			isa = PBXGroup;
			children = (
				0BEF858B26952720006CF8CC /* PostCell.h */,
				0BEF858C26952720006CF8CC /* PostCell.m */,
			);
			path = Views;
			sourceTree = "<group>";
		};
		C521B0BF62744DF369E9AC16 /* Pods */ = {
			isa = PBXGroup;
			children = (
				CF824D7298B345110CBBAD9A /* Pods-Instagram.debug.xcconfig */,
				FD8269A0FA079BA1480E91E6 /* Pods-Instagram.release.xcconfig */,
				179CE060FC3BB120DF5A5D96 /* Pods-Instagram-InstagramUITests.debug.xcconfig */,
				4251D302ABF6C3A6F4125F55 /* Pods-Instagram-InstagramUITests.release.xcconfig */,
				89D8E643C89F67B0CE19F142 /* Pods-InstagramTests.debug.xcconfig */,
				301CF01A99733B4B2CC72DA4 /* Pods-InstagramTests.release.xcconfig */,
			);
			path = Pods;
			sourceTree = "<group>";
		};
/* End PBXGroup section */

/* Begin PBXNativeTarget section */
		0B9383E8269433EF00075F7F /* Instagram */ = {
			isa = PBXNativeTarget;
			buildConfigurationList = 0B938418269433F100075F7F /* Build configuration list for PBXNativeTarget "Instagram" */;
			buildPhases = (
				3AA883B23F01E3A8D5AC64C0 /* [CP] Check Pods Manifest.lock */,
				0B9383E5269433EF00075F7F /* Sources */,
				0B9383E6269433EF00075F7F /* Frameworks */,
				0B9383E7269433EF00075F7F /* Resources */,
				28387E22B154B22F42457FDE /* [CP] Embed Pods Frameworks */,
			);
			buildRules = (
			);
			dependencies = (
			);
			name = Instagram;
			productName = Instagram;
			productReference = 0B9383E9269433EF00075F7F /* Instagram.app */;
			productType = "com.apple.product-type.application";
		};
		0B938403269433F100075F7F /* InstagramTests */ = {
			isa = PBXNativeTarget;
			buildConfigurationList = 0B93841B269433F100075F7F /* Build configuration list for PBXNativeTarget "InstagramTests" */;
			buildPhases = (
				877325035E1BF1CE76460569 /* [CP] Check Pods Manifest.lock */,
				0B938400269433F100075F7F /* Sources */,
				0B938401269433F100075F7F /* Frameworks */,
				0B938402269433F100075F7F /* Resources */,
			);
			buildRules = (
			);
			dependencies = (
				0B938406269433F100075F7F /* PBXTargetDependency */,
			);
			name = InstagramTests;
			productName = InstagramTests;
			productReference = 0B938404269433F100075F7F /* InstagramTests.xctest */;
			productType = "com.apple.product-type.bundle.unit-test";
		};
		0B93840E269433F100075F7F /* InstagramUITests */ = {
			isa = PBXNativeTarget;
			buildConfigurationList = 0B93841E269433F100075F7F /* Build configuration list for PBXNativeTarget "InstagramUITests" */;
			buildPhases = (
				92A9D917AAD470FF054CDAD5 /* [CP] Check Pods Manifest.lock */,
				0B93840B269433F100075F7F /* Sources */,
				0B93840C269433F100075F7F /* Frameworks */,
				0B93840D269433F100075F7F /* Resources */,
				46BFB3EBFDA93792A1D9399F /* [CP] Embed Pods Frameworks */,
			);
			buildRules = (
			);
			dependencies = (
				0B938411269433F100075F7F /* PBXTargetDependency */,
			);
			name = InstagramUITests;
			productName = InstagramUITests;
			productReference = 0B93840F269433F100075F7F /* InstagramUITests.xctest */;
			productType = "com.apple.product-type.bundle.ui-testing";
		};
/* End PBXNativeTarget section */

/* Begin PBXProject section */
		0B9383E1269433EF00075F7F /* Project object */ = {
			isa = PBXProject;
			attributes = {
				LastUpgradeCheck = 1250;
				TargetAttributes = {
					0B9383E8269433EF00075F7F = {
						CreatedOnToolsVersion = 12.5.1;
					};
					0B938403269433F100075F7F = {
						CreatedOnToolsVersion = 12.5.1;
						TestTargetID = 0B9383E8269433EF00075F7F;
					};
					0B93840E269433F100075F7F = {
						CreatedOnToolsVersion = 12.5.1;
						TestTargetID = 0B9383E8269433EF00075F7F;
					};
				};
			};
			buildConfigurationList = 0B9383E4269433EF00075F7F /* Build configuration list for PBXProject "Instagram" */;
			compatibilityVersion = "Xcode 9.3";
			developmentRegion = en;
			hasScannedForEncodings = 0;
			knownRegions = (
				en,
				Base,
			);
			mainGroup = 0B9383E0269433EF00075F7F;
			productRefGroup = 0B9383EA269433EF00075F7F /* Products */;
			projectDirPath = "";
			projectRoot = "";
			targets = (
				0B9383E8269433EF00075F7F /* Instagram */,
				0B938403269433F100075F7F /* InstagramTests */,
				0B93840E269433F100075F7F /* InstagramUITests */,
			);
		};
/* End PBXProject section */

/* Begin PBXResourcesBuildPhase section */
		0B9383E7269433EF00075F7F /* Resources */ = {
			isa = PBXResourcesBuildPhase;
			buildActionMask = 2147483647;
			files = (
				0B9383FC269433F100075F7F /* LaunchScreen.storyboard in Resources */,
				0B9383F9269433F100075F7F /* Assets.xcassets in Resources */,
				0B9383F7269433EF00075F7F /* Main.storyboard in Resources */,
			);
			runOnlyForDeploymentPostprocessing = 0;
		};
		0B938402269433F100075F7F /* Resources */ = {
			isa = PBXResourcesBuildPhase;
			buildActionMask = 2147483647;
			files = (
			);
			runOnlyForDeploymentPostprocessing = 0;
		};
		0B93840D269433F100075F7F /* Resources */ = {
			isa = PBXResourcesBuildPhase;
			buildActionMask = 2147483647;
			files = (
			);
			runOnlyForDeploymentPostprocessing = 0;
		};
/* End PBXResourcesBuildPhase section */

/* Begin PBXShellScriptBuildPhase section */
		28387E22B154B22F42457FDE /* [CP] Embed Pods Frameworks */ = {
			isa = PBXShellScriptBuildPhase;
			buildActionMask = 2147483647;
			files = (
			);
			inputFileListPaths = (
				"${PODS_ROOT}/Target Support Files/Pods-Instagram/Pods-Instagram-frameworks-${CONFIGURATION}-input-files.xcfilelist",
			);
			name = "[CP] Embed Pods Frameworks";
			outputFileListPaths = (
				"${PODS_ROOT}/Target Support Files/Pods-Instagram/Pods-Instagram-frameworks-${CONFIGURATION}-output-files.xcfilelist",
			);
			runOnlyForDeploymentPostprocessing = 0;
			shellPath = /bin/sh;
			shellScript = "\"${PODS_ROOT}/Target Support Files/Pods-Instagram/Pods-Instagram-frameworks.sh\"\n";
			showEnvVarsInLog = 0;
		};
		3AA883B23F01E3A8D5AC64C0 /* [CP] Check Pods Manifest.lock */ = {
			isa = PBXShellScriptBuildPhase;
			buildActionMask = 2147483647;
			files = (
			);
			inputFileListPaths = (
			);
			inputPaths = (
				"${PODS_PODFILE_DIR_PATH}/Podfile.lock",
				"${PODS_ROOT}/Manifest.lock",
			);
			name = "[CP] Check Pods Manifest.lock";
			outputFileListPaths = (
			);
			outputPaths = (
				"$(DERIVED_FILE_DIR)/Pods-Instagram-checkManifestLockResult.txt",
			);
			runOnlyForDeploymentPostprocessing = 0;
			shellPath = /bin/sh;
			shellScript = "diff \"${PODS_PODFILE_DIR_PATH}/Podfile.lock\" \"${PODS_ROOT}/Manifest.lock\" > /dev/null\nif [ $? != 0 ] ; then\n    # print error to STDERR\n    echo \"error: The sandbox is not in sync with the Podfile.lock. Run 'pod install' or update your CocoaPods installation.\" >&2\n    exit 1\nfi\n# This output is used by Xcode 'outputs' to avoid re-running this script phase.\necho \"SUCCESS\" > \"${SCRIPT_OUTPUT_FILE_0}\"\n";
			showEnvVarsInLog = 0;
		};
		46BFB3EBFDA93792A1D9399F /* [CP] Embed Pods Frameworks */ = {
			isa = PBXShellScriptBuildPhase;
			buildActionMask = 2147483647;
			files = (
			);
			inputFileListPaths = (
				"${PODS_ROOT}/Target Support Files/Pods-Instagram-InstagramUITests/Pods-Instagram-InstagramUITests-frameworks-${CONFIGURATION}-input-files.xcfilelist",
			);
			name = "[CP] Embed Pods Frameworks";
			outputFileListPaths = (
				"${PODS_ROOT}/Target Support Files/Pods-Instagram-InstagramUITests/Pods-Instagram-InstagramUITests-frameworks-${CONFIGURATION}-output-files.xcfilelist",
			);
			runOnlyForDeploymentPostprocessing = 0;
			shellPath = /bin/sh;
			shellScript = "\"${PODS_ROOT}/Target Support Files/Pods-Instagram-InstagramUITests/Pods-Instagram-InstagramUITests-frameworks.sh\"\n";
			showEnvVarsInLog = 0;
		};
		877325035E1BF1CE76460569 /* [CP] Check Pods Manifest.lock */ = {
			isa = PBXShellScriptBuildPhase;
			buildActionMask = 2147483647;
			files = (
			);
			inputFileListPaths = (
			);
			inputPaths = (
				"${PODS_PODFILE_DIR_PATH}/Podfile.lock",
				"${PODS_ROOT}/Manifest.lock",
			);
			name = "[CP] Check Pods Manifest.lock";
			outputFileListPaths = (
			);
			outputPaths = (
				"$(DERIVED_FILE_DIR)/Pods-InstagramTests-checkManifestLockResult.txt",
			);
			runOnlyForDeploymentPostprocessing = 0;
			shellPath = /bin/sh;
			shellScript = "diff \"${PODS_PODFILE_DIR_PATH}/Podfile.lock\" \"${PODS_ROOT}/Manifest.lock\" > /dev/null\nif [ $? != 0 ] ; then\n    # print error to STDERR\n    echo \"error: The sandbox is not in sync with the Podfile.lock. Run 'pod install' or update your CocoaPods installation.\" >&2\n    exit 1\nfi\n# This output is used by Xcode 'outputs' to avoid re-running this script phase.\necho \"SUCCESS\" > \"${SCRIPT_OUTPUT_FILE_0}\"\n";
			showEnvVarsInLog = 0;
		};
		92A9D917AAD470FF054CDAD5 /* [CP] Check Pods Manifest.lock */ = {
			isa = PBXShellScriptBuildPhase;
			buildActionMask = 2147483647;
			files = (
			);
			inputFileListPaths = (
			);
			inputPaths = (
				"${PODS_PODFILE_DIR_PATH}/Podfile.lock",
				"${PODS_ROOT}/Manifest.lock",
			);
			name = "[CP] Check Pods Manifest.lock";
			outputFileListPaths = (
			);
			outputPaths = (
				"$(DERIVED_FILE_DIR)/Pods-Instagram-InstagramUITests-checkManifestLockResult.txt",
			);
			runOnlyForDeploymentPostprocessing = 0;
			shellPath = /bin/sh;
			shellScript = "diff \"${PODS_PODFILE_DIR_PATH}/Podfile.lock\" \"${PODS_ROOT}/Manifest.lock\" > /dev/null\nif [ $? != 0 ] ; then\n    # print error to STDERR\n    echo \"error: The sandbox is not in sync with the Podfile.lock. Run 'pod install' or update your CocoaPods installation.\" >&2\n    exit 1\nfi\n# This output is used by Xcode 'outputs' to avoid re-running this script phase.\necho \"SUCCESS\" > \"${SCRIPT_OUTPUT_FILE_0}\"\n";
			showEnvVarsInLog = 0;
		};
/* End PBXShellScriptBuildPhase section */

/* Begin PBXSourcesBuildPhase section */
		0B9383E5269433EF00075F7F /* Sources */ = {
			isa = PBXSourcesBuildPhase;
			buildActionMask = 2147483647;
			files = (
				0BEF85802694F9BA006CF8CC /* LoginViewController.m in Sources */,
				0B9383EE269433EF00075F7F /* AppDelegate.m in Sources */,
				0B9383FF269433F100075F7F /* main.m in Sources */,
				0BEF858D26952720006CF8CC /* PostCell.m in Sources */,
				0BEF85942697AEB8006CF8CC /* ProfileViewController.m in Sources */,
				0BEF858626950F79006CF8CC /* ComposeViewController.m in Sources */,
				0BEF85832694FCAA006CF8CC /* HomeViewController.m in Sources */,
				0BEF859126967484006CF8CC /* DetailsViewController.m in Sources */,
				0B9383F1269433EF00075F7F /* SceneDelegate.m in Sources */,
				0BEF858926951B27006CF8CC /* Post.m in Sources */,
			);
			runOnlyForDeploymentPostprocessing = 0;
		};
		0B938400269433F100075F7F /* Sources */ = {
			isa = PBXSourcesBuildPhase;
			buildActionMask = 2147483647;
			files = (
				0B938409269433F100075F7F /* InstagramTests.m in Sources */,
			);
			runOnlyForDeploymentPostprocessing = 0;
		};
		0B93840B269433F100075F7F /* Sources */ = {
			isa = PBXSourcesBuildPhase;
			buildActionMask = 2147483647;
			files = (
				0B938414269433F100075F7F /* InstagramUITests.m in Sources */,
			);
			runOnlyForDeploymentPostprocessing = 0;
		};
/* End PBXSourcesBuildPhase section */

/* Begin PBXTargetDependency section */
		0B938406269433F100075F7F /* PBXTargetDependency */ = {
			isa = PBXTargetDependency;
			target = 0B9383E8269433EF00075F7F /* Instagram */;
			targetProxy = 0B938405269433F100075F7F /* PBXContainerItemProxy */;
		};
		0B938411269433F100075F7F /* PBXTargetDependency */ = {
			isa = PBXTargetDependency;
			target = 0B9383E8269433EF00075F7F /* Instagram */;
			targetProxy = 0B938410269433F100075F7F /* PBXContainerItemProxy */;
		};
/* End PBXTargetDependency section */

/* Begin PBXVariantGroup section */
		0B9383F5269433EF00075F7F /* Main.storyboard */ = {
			isa = PBXVariantGroup;
			children = (
				0B9383F6269433EF00075F7F /* Base */,
			);
			name = Main.storyboard;
			sourceTree = "<group>";
		};
		0B9383FA269433F100075F7F /* LaunchScreen.storyboard */ = {
			isa = PBXVariantGroup;
			children = (
				0B9383FB269433F100075F7F /* Base */,
			);
			name = LaunchScreen.storyboard;
			sourceTree = "<group>";
		};
/* End PBXVariantGroup section */

/* Begin XCBuildConfiguration section */
		0B938416269433F100075F7F /* Debug */ = {
			isa = XCBuildConfiguration;
			buildSettings = {
				ALWAYS_SEARCH_USER_PATHS = NO;
				CLANG_ANALYZER_NONNULL = YES;
				CLANG_ANALYZER_NUMBER_OBJECT_CONVERSION = YES_AGGRESSIVE;
				CLANG_CXX_LANGUAGE_STANDARD = "gnu++14";
				CLANG_CXX_LIBRARY = "libc++";
				CLANG_ENABLE_MODULES = YES;
				CLANG_ENABLE_OBJC_ARC = YES;
				CLANG_ENABLE_OBJC_WEAK = YES;
				CLANG_WARN_BLOCK_CAPTURE_AUTORELEASING = YES;
				CLANG_WARN_BOOL_CONVERSION = YES;
				CLANG_WARN_COMMA = YES;
				CLANG_WARN_CONSTANT_CONVERSION = YES;
				CLANG_WARN_DEPRECATED_OBJC_IMPLEMENTATIONS = YES;
				CLANG_WARN_DIRECT_OBJC_ISA_USAGE = YES_ERROR;
				CLANG_WARN_DOCUMENTATION_COMMENTS = YES;
				CLANG_WARN_EMPTY_BODY = YES;
				CLANG_WARN_ENUM_CONVERSION = YES;
				CLANG_WARN_INFINITE_RECURSION = YES;
				CLANG_WARN_INT_CONVERSION = YES;
				CLANG_WARN_NON_LITERAL_NULL_CONVERSION = YES;
				CLANG_WARN_OBJC_IMPLICIT_RETAIN_SELF = YES;
				CLANG_WARN_OBJC_LITERAL_CONVERSION = YES;
				CLANG_WARN_OBJC_ROOT_CLASS = YES_ERROR;
				CLANG_WARN_QUOTED_INCLUDE_IN_FRAMEWORK_HEADER = YES;
				CLANG_WARN_RANGE_LOOP_ANALYSIS = YES;
				CLANG_WARN_STRICT_PROTOTYPES = YES;
				CLANG_WARN_SUSPICIOUS_MOVE = YES;
				CLANG_WARN_UNGUARDED_AVAILABILITY = YES_AGGRESSIVE;
				CLANG_WARN_UNREACHABLE_CODE = YES;
				CLANG_WARN__DUPLICATE_METHOD_MATCH = YES;
				COPY_PHASE_STRIP = NO;
				DEBUG_INFORMATION_FORMAT = dwarf;
				ENABLE_STRICT_OBJC_MSGSEND = YES;
				ENABLE_TESTABILITY = YES;
				GCC_C_LANGUAGE_STANDARD = gnu11;
				GCC_DYNAMIC_NO_PIC = NO;
				GCC_NO_COMMON_BLOCKS = YES;
				GCC_OPTIMIZATION_LEVEL = 0;
				GCC_PREPROCESSOR_DEFINITIONS = (
					"DEBUG=1",
					"$(inherited)",
				);
				GCC_WARN_64_TO_32_BIT_CONVERSION = YES;
				GCC_WARN_ABOUT_RETURN_TYPE = YES_ERROR;
				GCC_WARN_UNDECLARED_SELECTOR = YES;
				GCC_WARN_UNINITIALIZED_AUTOS = YES_AGGRESSIVE;
				GCC_WARN_UNUSED_FUNCTION = YES;
				GCC_WARN_UNUSED_VARIABLE = YES;
				IPHONEOS_DEPLOYMENT_TARGET = 14.5;
				MTL_ENABLE_DEBUG_INFO = INCLUDE_SOURCE;
				MTL_FAST_MATH = YES;
				ONLY_ACTIVE_ARCH = YES;
				SDKROOT = iphoneos;
			};
			name = Debug;
		};
		0B938417269433F100075F7F /* Release */ = {
			isa = XCBuildConfiguration;
			buildSettings = {
				ALWAYS_SEARCH_USER_PATHS = NO;
				CLANG_ANALYZER_NONNULL = YES;
				CLANG_ANALYZER_NUMBER_OBJECT_CONVERSION = YES_AGGRESSIVE;
				CLANG_CXX_LANGUAGE_STANDARD = "gnu++14";
				CLANG_CXX_LIBRARY = "libc++";
				CLANG_ENABLE_MODULES = YES;
				CLANG_ENABLE_OBJC_ARC = YES;
				CLANG_ENABLE_OBJC_WEAK = YES;
				CLANG_WARN_BLOCK_CAPTURE_AUTORELEASING = YES;
				CLANG_WARN_BOOL_CONVERSION = YES;
				CLANG_WARN_COMMA = YES;
				CLANG_WARN_CONSTANT_CONVERSION = YES;
				CLANG_WARN_DEPRECATED_OBJC_IMPLEMENTATIONS = YES;
				CLANG_WARN_DIRECT_OBJC_ISA_USAGE = YES_ERROR;
				CLANG_WARN_DOCUMENTATION_COMMENTS = YES;
				CLANG_WARN_EMPTY_BODY = YES;
				CLANG_WARN_ENUM_CONVERSION = YES;
				CLANG_WARN_INFINITE_RECURSION = YES;
				CLANG_WARN_INT_CONVERSION = YES;
				CLANG_WARN_NON_LITERAL_NULL_CONVERSION = YES;
				CLANG_WARN_OBJC_IMPLICIT_RETAIN_SELF = YES;
				CLANG_WARN_OBJC_LITERAL_CONVERSION = YES;
				CLANG_WARN_OBJC_ROOT_CLASS = YES_ERROR;
				CLANG_WARN_QUOTED_INCLUDE_IN_FRAMEWORK_HEADER = YES;
				CLANG_WARN_RANGE_LOOP_ANALYSIS = YES;
				CLANG_WARN_STRICT_PROTOTYPES = YES;
				CLANG_WARN_SUSPICIOUS_MOVE = YES;
				CLANG_WARN_UNGUARDED_AVAILABILITY = YES_AGGRESSIVE;
				CLANG_WARN_UNREACHABLE_CODE = YES;
				CLANG_WARN__DUPLICATE_METHOD_MATCH = YES;
				COPY_PHASE_STRIP = NO;
				DEBUG_INFORMATION_FORMAT = "dwarf-with-dsym";
				ENABLE_NS_ASSERTIONS = NO;
				ENABLE_STRICT_OBJC_MSGSEND = YES;
				GCC_C_LANGUAGE_STANDARD = gnu11;
				GCC_NO_COMMON_BLOCKS = YES;
				GCC_WARN_64_TO_32_BIT_CONVERSION = YES;
				GCC_WARN_ABOUT_RETURN_TYPE = YES_ERROR;
				GCC_WARN_UNDECLARED_SELECTOR = YES;
				GCC_WARN_UNINITIALIZED_AUTOS = YES_AGGRESSIVE;
				GCC_WARN_UNUSED_FUNCTION = YES;
				GCC_WARN_UNUSED_VARIABLE = YES;
				IPHONEOS_DEPLOYMENT_TARGET = 14.5;
				MTL_ENABLE_DEBUG_INFO = NO;
				MTL_FAST_MATH = YES;
				SDKROOT = iphoneos;
				VALIDATE_PRODUCT = YES;
			};
			name = Release;
		};
		0B938419269433F100075F7F /* Debug */ = {
			isa = XCBuildConfiguration;
			baseConfigurationReference = CF824D7298B345110CBBAD9A /* Pods-Instagram.debug.xcconfig */;
			buildSettings = {
				ASSETCATALOG_COMPILER_APPICON_NAME = AppIcon;
				ASSETCATALOG_COMPILER_GLOBAL_ACCENT_COLOR_NAME = AccentColor;
				CODE_SIGN_STYLE = Automatic;
				DEVELOPMENT_TEAM = 36B2H5K8M7;
				INFOPLIST_FILE = Instagram/Info.plist;
				LD_RUNPATH_SEARCH_PATHS = (
					"$(inherited)",
					"@executable_path/Frameworks",
				);
				PRODUCT_BUNDLE_IDENTIFIER = com.annathomas.Instagram;
				PRODUCT_NAME = "$(TARGET_NAME)";
				TARGETED_DEVICE_FAMILY = "1,2";
			};
			name = Debug;
		};
		0B93841A269433F100075F7F /* Release */ = {
			isa = XCBuildConfiguration;
			baseConfigurationReference = FD8269A0FA079BA1480E91E6 /* Pods-Instagram.release.xcconfig */;
			buildSettings = {
				ASSETCATALOG_COMPILER_APPICON_NAME = AppIcon;
				ASSETCATALOG_COMPILER_GLOBAL_ACCENT_COLOR_NAME = AccentColor;
				CODE_SIGN_STYLE = Automatic;
				DEVELOPMENT_TEAM = 36B2H5K8M7;
				INFOPLIST_FILE = Instagram/Info.plist;
				LD_RUNPATH_SEARCH_PATHS = (
					"$(inherited)",
					"@executable_path/Frameworks",
				);
				PRODUCT_BUNDLE_IDENTIFIER = com.annathomas.Instagram;
				PRODUCT_NAME = "$(TARGET_NAME)";
				TARGETED_DEVICE_FAMILY = "1,2";
			};
			name = Release;
		};
		0B93841C269433F100075F7F /* Debug */ = {
			isa = XCBuildConfiguration;
			baseConfigurationReference = 89D8E643C89F67B0CE19F142 /* Pods-InstagramTests.debug.xcconfig */;
			buildSettings = {
				BUNDLE_LOADER = "$(TEST_HOST)";
				CODE_SIGN_STYLE = Automatic;
				DEVELOPMENT_TEAM = 36B2H5K8M7;
				INFOPLIST_FILE = InstagramTests/Info.plist;
				IPHONEOS_DEPLOYMENT_TARGET = 14.5;
				LD_RUNPATH_SEARCH_PATHS = (
					"$(inherited)",
					"@executable_path/Frameworks",
					"@loader_path/Frameworks",
				);
				PRODUCT_BUNDLE_IDENTIFIER = com.annathomas.InstagramTests;
				PRODUCT_NAME = "$(TARGET_NAME)";
				TARGETED_DEVICE_FAMILY = "1,2";
				TEST_HOST = "$(BUILT_PRODUCTS_DIR)/Instagram.app/Instagram";
			};
			name = Debug;
		};
		0B93841D269433F100075F7F /* Release */ = {
			isa = XCBuildConfiguration;
			baseConfigurationReference = 301CF01A99733B4B2CC72DA4 /* Pods-InstagramTests.release.xcconfig */;
			buildSettings = {
				BUNDLE_LOADER = "$(TEST_HOST)";
				CODE_SIGN_STYLE = Automatic;
				DEVELOPMENT_TEAM = 36B2H5K8M7;
				INFOPLIST_FILE = InstagramTests/Info.plist;
				IPHONEOS_DEPLOYMENT_TARGET = 14.5;
				LD_RUNPATH_SEARCH_PATHS = (
					"$(inherited)",
					"@executable_path/Frameworks",
					"@loader_path/Frameworks",
				);
				PRODUCT_BUNDLE_IDENTIFIER = com.annathomas.InstagramTests;
				PRODUCT_NAME = "$(TARGET_NAME)";
				TARGETED_DEVICE_FAMILY = "1,2";
				TEST_HOST = "$(BUILT_PRODUCTS_DIR)/Instagram.app/Instagram";
			};
			name = Release;
		};
		0B93841F269433F100075F7F /* Debug */ = {
			isa = XCBuildConfiguration;
			baseConfigurationReference = 179CE060FC3BB120DF5A5D96 /* Pods-Instagram-InstagramUITests.debug.xcconfig */;
			buildSettings = {
				CODE_SIGN_STYLE = Automatic;
				DEVELOPMENT_TEAM = 36B2H5K8M7;
				INFOPLIST_FILE = InstagramUITests/Info.plist;
				LD_RUNPATH_SEARCH_PATHS = (
					"$(inherited)",
					"@executable_path/Frameworks",
					"@loader_path/Frameworks",
				);
				PRODUCT_BUNDLE_IDENTIFIER = com.annathomas.InstagramUITests;
				PRODUCT_NAME = "$(TARGET_NAME)";
				TARGETED_DEVICE_FAMILY = "1,2";
				TEST_TARGET_NAME = Instagram;
			};
			name = Debug;
		};
		0B938420269433F100075F7F /* Release */ = {
			isa = XCBuildConfiguration;
			baseConfigurationReference = 4251D302ABF6C3A6F4125F55 /* Pods-Instagram-InstagramUITests.release.xcconfig */;
			buildSettings = {
				CODE_SIGN_STYLE = Automatic;
				DEVELOPMENT_TEAM = 36B2H5K8M7;
				INFOPLIST_FILE = InstagramUITests/Info.plist;
				LD_RUNPATH_SEARCH_PATHS = (
					"$(inherited)",
					"@executable_path/Frameworks",
					"@loader_path/Frameworks",
				);
				PRODUCT_BUNDLE_IDENTIFIER = com.annathomas.InstagramUITests;
				PRODUCT_NAME = "$(TARGET_NAME)";
				TARGETED_DEVICE_FAMILY = "1,2";
				TEST_TARGET_NAME = Instagram;
			};
			name = Release;
		};
/* End XCBuildConfiguration section */

/* Begin XCConfigurationList section */
		0B9383E4269433EF00075F7F /* Build configuration list for PBXProject "Instagram" */ = {
			isa = XCConfigurationList;
			buildConfigurations = (
				0B938416269433F100075F7F /* Debug */,
				0B938417269433F100075F7F /* Release */,
			);
			defaultConfigurationIsVisible = 0;
			defaultConfigurationName = Release;
		};
		0B938418269433F100075F7F /* Build configuration list for PBXNativeTarget "Instagram" */ = {
			isa = XCConfigurationList;
			buildConfigurations = (
				0B938419269433F100075F7F /* Debug */,
				0B93841A269433F100075F7F /* Release */,
			);
			defaultConfigurationIsVisible = 0;
			defaultConfigurationName = Release;
		};
		0B93841B269433F100075F7F /* Build configuration list for PBXNativeTarget "InstagramTests" */ = {
			isa = XCConfigurationList;
			buildConfigurations = (
				0B93841C269433F100075F7F /* Debug */,
				0B93841D269433F100075F7F /* Release */,
			);
			defaultConfigurationIsVisible = 0;
			defaultConfigurationName = Release;
		};
		0B93841E269433F100075F7F /* Build configuration list for PBXNativeTarget "InstagramUITests" */ = {
			isa = XCConfigurationList;
			buildConfigurations = (
				0B93841F269433F100075F7F /* Debug */,
				0B938420269433F100075F7F /* Release */,
			);
			defaultConfigurationIsVisible = 0;
			defaultConfigurationName = Release;
		};
/* End XCConfigurationList section */
	};
	rootObject = 0B9383E1269433EF00075F7F /* Project object */;
}
